
Microsoft Visual Studio Solution File, Format Version 12.00
# Visual Studio Version 17
VisualStudioVersion = 17.0.31903.59
MinimumVisualStudioVersion = 10.0.40219.1
Project("{2150E333-8FDC-42A3-9474-1A3956D46DE8}") = "src", "src", "{827E0CD3-B72D-47B6-A68D-7590B98EB39B}"
EndProject
Project("{2150E333-8FDC-42A3-9474-1A3956D46DE8}") = "Gateway", "Gateway", "{6306A8FB-679E-111F-6585-8F70E0EE6013}"
EndProject
Project("{FAE04EC0-301F-11D3-BF4B-00C04F79EFBC}") = "ModularMonolith.Gateway", "src\Gateway\ModularMonolith.Gateway.csproj", "{2D7F5515-6461-4B01-9DD4-4BBCC9129438}"
EndProject
Project("{2150E333-8FDC-42A3-9474-1A3956D46DE8}") = "Modules", "Modules", "{EC447DCF-ABFA-6E24-52A5-D7FD48A5C558}"
EndProject
Project("{2150E333-8FDC-42A3-9474-1A3956D46DE8}") = "Customers", "Customers", "{7AD5252A-36DB-2D73-68F8-483A9FC97FCA}"
EndProject
Project("{2150E333-8FDC-42A3-9474-1A3956D46DE8}") = "Domain", "Domain", "{25CED861-097C-8103-CE1E-EE62DB6E8675}"
EndProject
Project("{FAE04EC0-301F-11D3-BF4B-00C04F79EFBC}") = "ModularMonolith.Modules.Customers.Domain", "src\Modules\Customers\Domain\ModularMonolith.Modules.Customers.Domain.csproj", "{EDD7F9C3-D357-430C-9740-C4AFCA05AB85}"
EndProject
Project("{2150E333-8FDC-42A3-9474-1A3956D46DE8}") = "Application", "Application", "{E18570CB-5FB8-EED9-B9C3-FC73FEB8331A}"
EndProject
Project("{FAE04EC0-301F-11D3-BF4B-00C04F79EFBC}") = "ModularMonolith.Modules.Customers.Application", "src\Modules\Customers\Application\ModularMonolith.Modules.Customers.Application.csproj", "{E89FE3D2-EABA-4AB7-BD5E-1679A1BCA345}"
EndProject
Project("{2150E333-8FDC-42A3-9474-1A3956D46DE8}") = "Infrastructure", "Infrastructure", "{43197D89-AE13-E758-B41E-0F123A70122F}"
EndProject
Project("{FAE04EC0-301F-11D3-BF4B-00C04F79EFBC}") = "ModularMonolith.Modules.Customers.Infrastructure", "src\Modules\Customers\Infrastructure\ModularMonolith.Modules.Customers.Infrastructure.csproj", "{167EB6C4-8B5D-4A24-BF89-0556F2395594}"
EndProject
Project("{2150E333-8FDC-42A3-9474-1A3956D46DE8}") = "API", "API", "{94D23EA6-2F0E-B40A-A84F-E62D5B89CB10}"
EndProject
Project("{FAE04EC0-301F-11D3-BF4B-00C04F79EFBC}") = "ModularMonolith.Modules.Customers.API", "src\Modules\Customers\API\ModularMonolith.Modules.Customers.API.csproj", "{9E2EA8FB-EE1A-4A32-A378-E90F8A2AE109}"
EndProject
Project("{2150E333-8FDC-42A3-9474-1A3956D46DE8}") = "Products", "Products", "{5C565D6D-56B2-913B-284D-BFD5D44658B6}"
EndProject
Project("{2150E333-8FDC-42A3-9474-1A3956D46DE8}") = "Domain", "Domain", "{DAF252C4-F98D-34CB-DE0B-BA318E3864C3}"
EndProject
Project("{FAE04EC0-301F-11D3-BF4B-00C04F79EFBC}") = "ModularMonolith.Modules.Products.Domain", "src\Modules\Products\Domain\ModularMonolith.Modules.Products.Domain.csproj", "{2CC0102B-8FD3-4640-B4CB-A6D76E765F31}"
EndProject
Project("{2150E333-8FDC-42A3-9474-1A3956D46DE8}") = "Application", "Application", "{57A19B19-2592-61B7-7D35-ED0DC3E4AB0A}"
EndProject
Project("{FAE04EC0-301F-11D3-BF4B-00C04F79EFBC}") = "ModularMonolith.Modules.Products.Application", "src\Modules\Products\Application\ModularMonolith.Modules.Products.Application.csproj", "{40C4E7CC-8A3C-43A4-A6B8-7BA2351F9E18}"
EndProject
Project("{2150E333-8FDC-42A3-9474-1A3956D46DE8}") = "Infrastructure", "Infrastructure", "{AF950F54-4CAF-20A7-F5B3-B38C3C9B6624}"
EndProject
Project("{FAE04EC0-301F-11D3-BF4B-00C04F79EFBC}") = "ModularMonolith.Modules.Products.Infrastructure", "src\Modules\Products\Infrastructure\ModularMonolith.Modules.Products.Infrastructure.csproj", "{169BFE1C-D503-44A6-82E7-17034ED1F411}"
EndProject
Project("{2150E333-8FDC-42A3-9474-1A3956D46DE8}") = "API", "API", "{61D565DB-5FAF-5DEC-8730-28A49BBD7E6D}"
EndProject
Project("{FAE04EC0-301F-11D3-BF4B-00C04F79EFBC}") = "ModularMonolith.Modules.Products.API", "src\Modules\Products\API\ModularMonolith.Modules.Products.API.csproj", "{D632F0C3-0A48-4914-99F2-3F412E9DF392}"
EndProject
Project("{2150E333-8FDC-42A3-9474-1A3956D46DE8}") = "Shared", "Shared", "{C8E42992-5E42-0C2B-DBFE-AA848D06431C}"
EndProject
Project("{2150E333-8FDC-42A3-9474-1A3956D46DE8}") = "Domain", "Domain", "{99EEA732-3F5B-2F83-7DCA-1016B2193C26}"
EndProject
Project("{FAE04EC0-301F-11D3-BF4B-00C04F79EFBC}") = "ModularMonolith.Shared.Domain", "src\Shared\Domain\ModularMonolith.Shared.Domain.csproj", "{FA08D9E4-7E12-4486-B568-E9AA1C0D4105}"
EndProject
Project("{2150E333-8FDC-42A3-9474-1A3956D46DE8}") = "Application", "Application", "{81E62CFB-0258-094E-67E7-AC527289E3A8}"
EndProject
Project("{FAE04EC0-301F-11D3-BF4B-00C04F79EFBC}") = "ModularMonolith.Shared.Application", "src\Shared\Application\ModularMonolith.Shared.Application.csproj", "{1AB376B8-8034-468E-BB9E-13226705B95B}"
EndProject
Project("{2150E333-8FDC-42A3-9474-1A3956D46DE8}") = "Infrastructure", "Infrastructure", "{4695FFD0-0F29-CFDF-AB1D-8C675D9BAEFE}"
EndProject
Project("{FAE04EC0-301F-11D3-BF4B-00C04F79EFBC}") = "ModularMonolith.Shared.Infrastructure", "src\Shared\Infrastructure\ModularMonolith.Shared.Infrastructure.csproj", "{6CF67498-38AC-4AC8-82EE-60056547974E}"
EndProject
Global
	GlobalSection(SolutionConfigurationPlatforms) = preSolution
		Debug|Any CPU = Debug|Any CPU
		Debug|x64 = Debug|x64
		Debug|x86 = Debug|x86
		Release|Any CPU = Release|Any CPU
		Release|x64 = Release|x64
		Release|x86 = Release|x86
	EndGlobalSection
	GlobalSection(ProjectConfigurationPlatforms) = postSolution
		{2D7F5515-6461-4B01-9DD4-4BBCC9129438}.Debug|Any CPU.ActiveCfg = Debug|Any CPU
		{2D7F5515-6461-4B01-9DD4-4BBCC9129438}.Debug|Any CPU.Build.0 = Debug|Any CPU
		{2D7F5515-6461-4B01-9DD4-4BBCC9129438}.Debug|x64.ActiveCfg = Debug|Any CPU
		{2D7F5515-6461-4B01-9DD4-4BBCC9129438}.Debug|x64.Build.0 = Debug|Any CPU
		{2D7F5515-6461-4B01-9DD4-4BBCC9129438}.Debug|x86.ActiveCfg = Debug|Any CPU
		{2D7F5515-6461-4B01-9DD4-4BBCC9129438}.Debug|x86.Build.0 = Debug|Any CPU
		{2D7F5515-6461-4B01-9DD4-4BBCC9129438}.Release|Any CPU.ActiveCfg = Release|Any CPU
		{2D7F5515-6461-4B01-9DD4-4BBCC9129438}.Release|Any CPU.Build.0 = Release|Any CPU
		{2D7F5515-6461-4B01-9DD4-4BBCC9129438}.Release|x64.ActiveCfg = Release|Any CPU
		{2D7F5515-6461-4B01-9DD4-4BBCC9129438}.Release|x64.Build.0 = Release|Any CPU
		{2D7F5515-6461-4B01-9DD4-4BBCC9129438}.Release|x86.ActiveCfg = Release|Any CPU
		{2D7F5515-6461-4B01-9DD4-4BBCC9129438}.Release|x86.Build.0 = Release|Any CPU
		{EDD7F9C3-D357-430C-9740-C4AFCA05AB85}.Debug|Any CPU.ActiveCfg = Debug|Any CPU
		{EDD7F9C3-D357-430C-9740-C4AFCA05AB85}.Debug|Any CPU.Build.0 = Debug|Any CPU
		{EDD7F9C3-D357-430C-9740-C4AFCA05AB85}.Debug|x64.ActiveCfg = Debug|Any CPU
		{EDD7F9C3-D357-430C-9740-C4AFCA05AB85}.Debug|x64.Build.0 = Debug|Any CPU
		{EDD7F9C3-D357-430C-9740-C4AFCA05AB85}.Debug|x86.ActiveCfg = Debug|Any CPU
		{EDD7F9C3-D357-430C-9740-C4AFCA05AB85}.Debug|x86.Build.0 = Debug|Any CPU
		{EDD7F9C3-D357-430C-9740-C4AFCA05AB85}.Release|Any CPU.ActiveCfg = Release|Any CPU
		{EDD7F9C3-D357-430C-9740-C4AFCA05AB85}.Release|Any CPU.Build.0 = Release|Any CPU
		{EDD7F9C3-D357-430C-9740-C4AFCA05AB85}.Release|x64.ActiveCfg = Release|Any CPU
		{EDD7F9C3-D357-430C-9740-C4AFCA05AB85}.Release|x64.Build.0 = Release|Any CPU
		{EDD7F9C3-D357-430C-9740-C4AFCA05AB85}.Release|x86.ActiveCfg = Release|Any CPU
		{EDD7F9C3-D357-430C-9740-C4AFCA05AB85}.Release|x86.Build.0 = Release|Any CPU
		{E89FE3D2-EABA-4AB7-BD5E-1679A1BCA345}.Debug|Any CPU.ActiveCfg = Debug|Any CPU
		{E89FE3D2-EABA-4AB7-BD5E-1679A1BCA345}.Debug|Any CPU.Build.0 = Debug|Any CPU
		{E89FE3D2-EABA-4AB7-BD5E-1679A1BCA345}.Debug|x64.ActiveCfg = Debug|Any CPU
		{E89FE3D2-EABA-4AB7-BD5E-1679A1BCA345}.Debug|x64.Build.0 = Debug|Any CPU
		{E89FE3D2-EABA-4AB7-BD5E-1679A1BCA345}.Debug|x86.ActiveCfg = Debug|Any CPU
		{E89FE3D2-EABA-4AB7-BD5E-1679A1BCA345}.Debug|x86.Build.0 = Debug|Any CPU
		{E89FE3D2-EABA-4AB7-BD5E-1679A1BCA345}.Release|Any CPU.ActiveCfg = Release|Any CPU
		{E89FE3D2-EABA-4AB7-BD5E-1679A1BCA345}.Release|Any CPU.Build.0 = Release|Any CPU
		{E89FE3D2-EABA-4AB7-BD5E-1679A1BCA345}.Release|x64.ActiveCfg = Release|Any CPU
		{E89FE3D2-EABA-4AB7-BD5E-1679A1BCA345}.Release|x64.Build.0 = Release|Any CPU
		{E89FE3D2-EABA-4AB7-BD5E-1679A1BCA345}.Release|x86.ActiveCfg = Release|Any CPU
		{E89FE3D2-EABA-4AB7-BD5E-1679A1BCA345}.Release|x86.Build.0 = Release|Any CPU
		{167EB6C4-8B5D-4A24-BF89-0556F2395594}.Debug|Any CPU.ActiveCfg = Debug|Any CPU
		{167EB6C4-8B5D-4A24-BF89-0556F2395594}.Debug|Any CPU.Build.0 = Debug|Any CPU
		{167EB6C4-8B5D-4A24-BF89-0556F2395594}.Debug|x64.ActiveCfg = Debug|Any CPU
		{167EB6C4-8B5D-4A24-BF89-0556F2395594}.Debug|x64.Build.0 = Debug|Any CPU
		{167EB6C4-8B5D-4A24-BF89-0556F2395594}.Debug|x86.ActiveCfg = Debug|Any CPU
		{167EB6C4-8B5D-4A24-BF89-0556F2395594}.Debug|x86.Build.0 = Debug|Any CPU
		{167EB6C4-8B5D-4A24-BF89-0556F2395594}.Release|Any CPU.ActiveCfg = Release|Any CPU
		{167EB6C4-8B5D-4A24-BF89-0556F2395594}.Release|Any CPU.Build.0 = Release|Any CPU
		{167EB6C4-8B5D-4A24-BF89-0556F2395594}.Release|x64.ActiveCfg = Release|Any CPU
		{167EB6C4-8B5D-4A24-BF89-0556F2395594}.Release|x64.Build.0 = Release|Any CPU
		{167EB6C4-8B5D-4A24-BF89-0556F2395594}.Release|x86.ActiveCfg = Release|Any CPU
		{167EB6C4-8B5D-4A24-BF89-0556F2395594}.Release|x86.Build.0 = Release|Any CPU
		{9E2EA8FB-EE1A-4A32-A378-E90F8A2AE109}.Debug|Any CPU.ActiveCfg = Debug|Any CPU
		{9E2EA8FB-EE1A-4A32-A378-E90F8A2AE109}.Debug|Any CPU.Build.0 = Debug|Any CPU
		{9E2EA8FB-EE1A-4A32-A378-E90F8A2AE109}.Debug|x64.ActiveCfg = Debug|Any CPU
		{9E2EA8FB-EE1A-4A32-A378-E90F8A2AE109}.Debug|x64.Build.0 = Debug|Any CPU
		{9E2EA8FB-EE1A-4A32-A378-E90F8A2AE109}.Debug|x86.ActiveCfg = Debug|Any CPU
		{9E2EA8FB-EE1A-4A32-A378-E90F8A2AE109}.Debug|x86.Build.0 = Debug|Any CPU
		{9E2EA8FB-EE1A-4A32-A378-E90F8A2AE109}.Release|Any CPU.ActiveCfg = Release|Any CPU
		{9E2EA8FB-EE1A-4A32-A378-E90F8A2AE109}.Release|Any CPU.Build.0 = Release|Any CPU
		{9E2EA8FB-EE1A-4A32-A378-E90F8A2AE109}.Release|x64.ActiveCfg = Release|Any CPU
		{9E2EA8FB-EE1A-4A32-A378-E90F8A2AE109}.Release|x64.Build.0 = Release|Any CPU
		{9E2EA8FB-EE1A-4A32-A378-E90F8A2AE109}.Release|x86.ActiveCfg = Release|Any CPU
		{9E2EA8FB-EE1A-4A32-A378-E90F8A2AE109}.Release|x86.Build.0 = Release|Any CPU
		{2CC0102B-8FD3-4640-B4CB-A6D76E765F31}.Debug|Any CPU.ActiveCfg = Debug|Any CPU
		{2CC0102B-8FD3-4640-B4CB-A6D76E765F31}.Debug|Any CPU.Build.0 = Debug|Any CPU
		{2CC0102B-8FD3-4640-B4CB-A6D76E765F31}.Debug|x64.ActiveCfg = Debug|Any CPU
		{2CC0102B-8FD3-4640-B4CB-A6D76E765F31}.Debug|x64.Build.0 = Debug|Any CPU
		{2CC0102B-8FD3-4640-B4CB-A6D76E765F31}.Debug|x86.ActiveCfg = Debug|Any CPU
		{2CC0102B-8FD3-4640-B4CB-A6D76E765F31}.Debug|x86.Build.0 = Debug|Any CPU
		{2CC0102B-8FD3-4640-B4CB-A6D76E765F31}.Release|Any CPU.ActiveCfg = Release|Any CPU
		{2CC0102B-8FD3-4640-B4CB-A6D76E765F31}.Release|Any CPU.Build.0 = Release|Any CPU
		{2CC0102B-8FD3-4640-B4CB-A6D76E765F31}.Release|x64.ActiveCfg = Release|Any CPU
		{2CC0102B-8FD3-4640-B4CB-A6D76E765F31}.Release|x64.Build.0 = Release|Any CPU
		{2CC0102B-8FD3-4640-B4CB-A6D76E765F31}.Release|x86.ActiveCfg = Release|Any CPU
		{2CC0102B-8FD3-4640-B4CB-A6D76E765F31}.Release|x86.Build.0 = Release|Any CPU
		{40C4E7CC-8A3C-43A4-A6B8-7BA2351F9E18}.Debug|Any CPU.ActiveCfg = Debug|Any CPU
		{40C4E7CC-8A3C-43A4-A6B8-7BA2351F9E18}.Debug|Any CPU.Build.0 = Debug|Any CPU
		{40C4E7CC-8A3C-43A4-A6B8-7BA2351F9E18}.Debug|x64.ActiveCfg = Debug|Any CPU
		{40C4E7CC-8A3C-43A4-A6B8-7BA2351F9E18}.Debug|x64.Build.0 = Debug|Any CPU
		{40C4E7CC-8A3C-43A4-A6B8-7BA2351F9E18}.Debug|x86.ActiveCfg = Debug|Any CPU
		{40C4E7CC-8A3C-43A4-A6B8-7BA2351F9E18}.Debug|x86.Build.0 = Debug|Any CPU
		{40C4E7CC-8A3C-43A4-A6B8-7BA2351F9E18}.Release|Any CPU.ActiveCfg = Release|Any CPU
		{40C4E7CC-8A3C-43A4-A6B8-7BA2351F9E18}.Release|Any CPU.Build.0 = Release|Any CPU
		{40C4E7CC-8A3C-43A4-A6B8-7BA2351F9E18}.Release|x64.ActiveCfg = Release|Any CPU
		{40C4E7CC-8A3C-43A4-A6B8-7BA2351F9E18}.Release|x64.Build.0 = Release|Any CPU
		{40C4E7CC-8A3C-43A4-A6B8-7BA2351F9E18}.Release|x86.ActiveCfg = Release|Any CPU
		{40C4E7CC-8A3C-43A4-A6B8-7BA2351F9E18}.Release|x86.Build.0 = Release|Any CPU
		{169BFE1C-D503-44A6-82E7-17034ED1F411}.Debug|Any CPU.ActiveCfg = Debug|Any CPU
		{169BFE1C-D503-44A6-82E7-17034ED1F411}.Debug|Any CPU.Build.0 = Debug|Any CPU
		{169BFE1C-D503-44A6-82E7-17034ED1F411}.Debug|x64.ActiveCfg = Debug|Any CPU
		{169BFE1C-D503-44A6-82E7-17034ED1F411}.Debug|x64.Build.0 = Debug|Any CPU
		{169BFE1C-D503-44A6-82E7-17034ED1F411}.Debug|x86.ActiveCfg = Debug|Any CPU
		{169BFE1C-D503-44A6-82E7-17034ED1F411}.Debug|x86.Build.0 = Debug|Any CPU
		{169BFE1C-D503-44A6-82E7-17034ED1F411}.Release|Any CPU.ActiveCfg = Release|Any CPU
		{169BFE1C-D503-44A6-82E7-17034ED1F411}.Release|Any CPU.Build.0 = Release|Any CPU
		{169BFE1C-D503-44A6-82E7-17034ED1F411}.Release|x64.ActiveCfg = Release|Any CPU
		{169BFE1C-D503-44A6-82E7-17034ED1F411}.Release|x64.Build.0 = Release|Any CPU
		{169BFE1C-D503-44A6-82E7-17034ED1F411}.Release|x86.ActiveCfg = Release|Any CPU
		{169BFE1C-D503-44A6-82E7-17034ED1F411}.Release|x86.Build.0 = Release|Any CPU
		{D632F0C3-0A48-4914-99F2-3F412E9DF392}.Debug|Any CPU.ActiveCfg = Debug|Any CPU
		{D632F0C3-0A48-4914-99F2-3F412E9DF392}.Debug|Any CPU.Build.0 = Debug|Any CPU
		{D632F0C3-0A48-4914-99F2-3F412E9DF392}.Debug|x64.ActiveCfg = Debug|Any CPU
		{D632F0C3-0A48-4914-99F2-3F412E9DF392}.Debug|x64.Build.0 = Debug|Any CPU
		{D632F0C3-0A48-4914-99F2-3F412E9DF392}.Debug|x86.ActiveCfg = Debug|Any CPU
		{D632F0C3-0A48-4914-99F2-3F412E9DF392}.Debug|x86.Build.0 = Debug|Any CPU
		{D632F0C3-0A48-4914-99F2-3F412E9DF392}.Release|Any CPU.ActiveCfg = Release|Any CPU
		{D632F0C3-0A48-4914-99F2-3F412E9DF392}.Release|Any CPU.Build.0 = Release|Any CPU
		{D632F0C3-0A48-4914-99F2-3F412E9DF392}.Release|x64.ActiveCfg = Release|Any CPU
		{D632F0C3-0A48-4914-99F2-3F412E9DF392}.Release|x64.Build.0 = Release|Any CPU
		{D632F0C3-0A48-4914-99F2-3F412E9DF392}.Release|x86.ActiveCfg = Release|Any CPU
		{D632F0C3-0A48-4914-99F2-3F412E9DF392}.Release|x86.Build.0 = Release|Any CPU
		{FA08D9E4-7E12-4486-B568-E9AA1C0D4105}.Debug|Any CPU.ActiveCfg = Debug|Any CPU
		{FA08D9E4-7E12-4486-B568-E9AA1C0D4105}.Debug|Any CPU.Build.0 = Debug|Any CPU
		{FA08D9E4-7E12-4486-B568-E9AA1C0D4105}.Debug|x64.ActiveCfg = Debug|Any CPU
		{FA08D9E4-7E12-4486-B568-E9AA1C0D4105}.Debug|x64.Build.0 = Debug|Any CPU
		{FA08D9E4-7E12-4486-B568-E9AA1C0D4105}.Debug|x86.ActiveCfg = Debug|Any CPU
		{FA08D9E4-7E12-4486-B568-E9AA1C0D4105}.Debug|x86.Build.0 = Debug|Any CPU
		{FA08D9E4-7E12-4486-B568-E9AA1C0D4105}.Release|Any CPU.ActiveCfg = Release|Any CPU
		{FA08D9E4-7E12-4486-B568-E9AA1C0D4105}.Release|Any CPU.Build.0 = Release|Any CPU
		{FA08D9E4-7E12-4486-B568-E9AA1C0D4105}.Release|x64.ActiveCfg = Release|Any CPU
		{FA08D9E4-7E12-4486-B568-E9AA1C0D4105}.Release|x64.Build.0 = Release|Any CPU
		{FA08D9E4-7E12-4486-B568-E9AA1C0D4105}.Release|x86.ActiveCfg = Release|Any CPU
		{FA08D9E4-7E12-4486-B568-E9AA1C0D4105}.Release|x86.Build.0 = Release|Any CPU
		{1AB376B8-8034-468E-BB9E-13226705B95B}.Debug|Any CPU.ActiveCfg = Debug|Any CPU
		{1AB376B8-8034-468E-BB9E-13226705B95B}.Debug|Any CPU.Build.0 = Debug|Any CPU
		{1AB376B8-8034-468E-BB9E-13226705B95B}.Debug|x64.ActiveCfg = Debug|Any CPU
		{1AB376B8-8034-468E-BB9E-13226705B95B}.Debug|x64.Build.0 = Debug|Any CPU
		{1AB376B8-8034-468E-BB9E-13226705B95B}.Debug|x86.ActiveCfg = Debug|Any CPU
		{1AB376B8-8034-468E-BB9E-13226705B95B}.Debug|x86.Build.0 = Debug|Any CPU
		{1AB376B8-8034-468E-BB9E-13226705B95B}.Release|Any CPU.ActiveCfg = Release|Any CPU
		{1AB376B8-8034-468E-BB9E-13226705B95B}.Release|Any CPU.Build.0 = Release|Any CPU
		{1AB376B8-8034-468E-BB9E-13226705B95B}.Release|x64.ActiveCfg = Release|Any CPU
		{1AB376B8-8034-468E-BB9E-13226705B95B}.Release|x64.Build.0 = Release|Any CPU
		{1AB376B8-8034-468E-BB9E-13226705B95B}.Release|x86.ActiveCfg = Release|Any CPU
		{1AB376B8-8034-468E-BB9E-13226705B95B}.Release|x86.Build.0 = Release|Any CPU
		{6CF67498-38AC-4AC8-82EE-60056547974E}.Debug|Any CPU.ActiveCfg = Debug|Any CPU
		{6CF67498-38AC-4AC8-82EE-60056547974E}.Debug|Any CPU.Build.0 = Debug|Any CPU
		{6CF67498-38AC-4AC8-82EE-60056547974E}.Debug|x64.ActiveCfg = Debug|Any CPU
		{6CF67498-38AC-4AC8-82EE-60056547974E}.Debug|x64.Build.0 = Debug|Any CPU
		{6CF67498-38AC-4AC8-82EE-60056547974E}.Debug|x86.ActiveCfg = Debug|Any CPU
		{6CF67498-38AC-4AC8-82EE-60056547974E}.Debug|x86.Build.0 = Debug|Any CPU
		{6CF67498-38AC-4AC8-82EE-60056547974E}.Release|Any CPU.ActiveCfg = Release|Any CPU
		{6CF67498-38AC-4AC8-82EE-60056547974E}.Release|Any CPU.Build.0 = Release|Any CPU
		{6CF67498-38AC-4AC8-82EE-60056547974E}.Release|x64.ActiveCfg = Release|Any CPU
		{6CF67498-38AC-4AC8-82EE-60056547974E}.Release|x64.Build.0 = Release|Any CPU
		{6CF67498-38AC-4AC8-82EE-60056547974E}.Release|x86.ActiveCfg = Release|Any CPU
		{6CF67498-38AC-4AC8-82EE-60056547974E}.Release|x86.Build.0 = Release|Any CPU
	EndGlobalSection
	GlobalSection(SolutionProperties) = preSolution
		HideSolutionNode = FALSE
	EndGlobalSection
	GlobalSection(NestedProjects) = preSolution
		{6306A8FB-679E-111F-6585-8F70E0EE6013} = {827E0CD3-B72D-47B6-A68D-7590B98EB39B}
		{2D7F5515-6461-4B01-9DD4-4BBCC9129438} = {6306A8FB-679E-111F-6585-8F70E0EE6013}
		{EC447DCF-ABFA-6E24-52A5-D7FD48A5C558} = {827E0CD3-B72D-47B6-A68D-7590B98EB39B}
		{7AD5252A-36DB-2D73-68F8-483A9FC97FCA} = {EC447DCF-ABFA-6E24-52A5-D7FD48A5C558}
		{25CED861-097C-8103-CE1E-EE62DB6E8675} = {7AD5252A-36DB-2D73-68F8-483A9FC97FCA}
		{EDD7F9C3-D357-430C-9740-C4AFCA05AB85} = {25CED861-097C-8103-CE1E-EE62DB6E8675}
		{E18570CB-5FB8-EED9-B9C3-FC73FEB8331A} = {7AD5252A-36DB-2D73-68F8-483A9FC97FCA}
		{E89FE3D2-EABA-4AB7-BD5E-1679A1BCA345} = {E18570CB-5FB8-EED9-B9C3-FC73FEB8331A}
		{43197D89-AE13-E758-B41E-0F123A70122F} = {7AD5252A-36DB-2D73-68F8-483A9FC97FCA}
		{167EB6C4-8B5D-4A24-BF89-0556F2395594} = {43197D89-AE13-E758-B41E-0F123A70122F}
		{94D23EA6-2F0E-B40A-A84F-E62D5B89CB10} = {7AD5252A-36DB-2D73-68F8-483A9FC97FCA}
		{9E2EA8FB-EE1A-4A32-A378-E90F8A2AE109} = {94D23EA6-2F0E-B40A-A84F-E62D5B89CB10}
		{5C565D6D-56B2-913B-284D-BFD5D44658B6} = {EC447DCF-ABFA-6E24-52A5-D7FD48A5C558}
		{DAF252C4-F98D-34CB-DE0B-BA318E3864C3} = {5C565D6D-56B2-913B-284D-BFD5D44658B6}
		{2CC0102B-8FD3-4640-B4CB-A6D76E765F31} = {DAF252C4-F98D-34CB-DE0B-BA318E3864C3}
		{57A19B19-2592-61B7-7D35-ED0DC3E4AB0A} = {5C565D6D-56B2-913B-284D-BFD5D44658B6}
		{40C4E7CC-8A3C-43A4-A6B8-7BA2351F9E18} = {57A19B19-2592-61B7-7D35-ED0DC3E4AB0A}
		{AF950F54-4CAF-20A7-F5B3-B38C3C9B6624} = {5C565D6D-56B2-913B-284D-BFD5D44658B6}
		{169BFE1C-D503-44A6-82E7-17034ED1F411} = {AF950F54-4CAF-20A7-F5B3-B38C3C9B6624}
		{61D565DB-5FAF-5DEC-8730-28A49BBD7E6D} = {5C565D6D-56B2-913B-284D-BFD5D44658B6}
		{D632F0C3-0A48-4914-99F2-3F412E9DF392} = {61D565DB-5FAF-5DEC-8730-28A49BBD7E6D}
		{C8E42992-5E42-0C2B-DBFE-AA848D06431C} = {827E0CD3-B72D-47B6-A68D-7590B98EB39B}
		{99EEA732-3F5B-2F83-7DCA-1016B2193C26} = {C8E42992-5E42-0C2B-DBFE-AA848D06431C}
		{FA08D9E4-7E12-4486-B568-E9AA1C0D4105} = {99EEA732-3F5B-2F83-7DCA-1016B2193C26}
		{81E62CFB-0258-094E-67E7-AC527289E3A8} = {C8E42992-5E42-0C2B-DBFE-AA848D06431C}
		{1AB376B8-8034-468E-BB9E-13226705B95B} = {81E62CFB-0258-094E-67E7-AC527289E3A8}
		{4695FFD0-0F29-CFDF-AB1D-8C675D9BAEFE} = {C8E42992-5E42-0C2B-DBFE-AA848D06431C}
		{6CF67498-38AC-4AC8-82EE-60056547974E} = {4695FFD0-0F29-CFDF-AB1D-8C675D9BAEFE}
	EndGlobalSection
EndGlobal
