
Microsoft Visual Studio Solution File, Format Version 12.00
# Visual Studio Version 17
VisualStudioVersion = 17.0.31903.59
MinimumVisualStudioVersion = 10.0.40219.1
Project("{2150E333-8FDC-42A3-9474-1A3956D46DE8}") = "src", "src", "{827E0CD3-B72D-47B6-A68D-7590B98EB39B}"
EndProject
Project("{2150E333-8FDC-42A3-9474-1A3956D46DE8}") = "Host", "Host", "{981C2CF6-E5BB-602A-511C-234B538302B0}"
EndProject
Project("{FAE04EC0-301F-11D3-BF4B-00C04F79EFBC}") = "MonolitoModular.Host", "src\Host\MonolitoModular.Host\MonolitoModular.Host.csproj", "{D2EFC522-E0AE-4148-AA79-E9B40B888A1C}"
EndProject
Project("{2150E333-8FDC-42A3-9474-1A3956D46DE8}") = "Shared", "Shared", "{C8E42992-5E42-0C2B-DBFE-AA848D06431C}"
EndProject
Project("{FAE04EC0-301F-11D3-BF4B-00C04F79EFBC}") = "MonolitoModular.Shared.Contracts", "src\Shared\MonolitoModular.Shared.Contracts\MonolitoModular.Shared.Contracts.csproj", "{9B190D6F-F830-464C-813D-ADBFD865B577}"
EndProject
Project("{FAE04EC0-301F-11D3-BF4B-00C04F79EFBC}") = "MonolitoModular.Shared.Infrastructure", "src\Shared\MonolitoModular.Shared.Infrastructure\MonolitoModular.Shared.Infrastructure.csproj", "{765DF134-CFB5-4F78-84EC-DCEDC5FC0F41}"
EndProject
Project("{2150E333-8FDC-42A3-9474-1A3956D46DE8}") = "Slices", "Slices", "{5DC72D1E-4B83-C588-4695-096B742137DE}"
EndProject
Project("{2150E333-8FDC-42A3-9474-1A3956D46DE8}") = "Users", "Users", "{C9ED488C-AC63-31F8-C067-1E893852ECB8}"
EndProject
Project("{FAE04EC0-301F-11D3-BF4B-00C04F79EFBC}") = "MonolitoModular.Slices.Users", "src\Slices\Users\MonolitoModular.Slices.Users\MonolitoModular.Slices.Users.csproj", "{65357D65-1968-41EE-9626-6676BC1EDFA0}"
EndProject
Project("{2150E333-8FDC-42A3-9474-1A3956D46DE8}") = "Products", "Products", "{5441A582-A4C1-7BD0-8A01-21DE0CFC646D}"
EndProject
Project("{FAE04EC0-301F-11D3-BF4B-00C04F79EFBC}") = "MonolitoModular.Slices.Products", "src\Slices\Products\MonolitoModular.Slices.Products\MonolitoModular.Slices.Products.csproj", "{220EB417-3794-4532-BF36-9FBB1EDD8FDD}"
EndProject
Global
	GlobalSection(SolutionConfigurationPlatforms) = preSolution
		Debug|Any CPU = Debug|Any CPU
		Debug|x64 = Debug|x64
		Debug|x86 = Debug|x86
		Release|Any CPU = Release|Any CPU
		Release|x64 = Release|x64
		Release|x86 = Release|x86
	EndGlobalSection
	GlobalSection(ProjectConfigurationPlatforms) = postSolution
		{D2EFC522-E0AE-4148-AA79-E9B40B888A1C}.Debug|Any CPU.ActiveCfg = Debug|Any CPU
		{D2EFC522-E0AE-4148-AA79-E9B40B888A1C}.Debug|Any CPU.Build.0 = Debug|Any CPU
		{D2EFC522-E0AE-4148-AA79-E9B40B888A1C}.Debug|x64.ActiveCfg = Debug|Any CPU
		{D2EFC522-E0AE-4148-AA79-E9B40B888A1C}.Debug|x64.Build.0 = Debug|Any CPU
		{D2EFC522-E0AE-4148-AA79-E9B40B888A1C}.Debug|x86.ActiveCfg = Debug|Any CPU
		{D2EFC522-E0AE-4148-AA79-E9B40B888A1C}.Debug|x86.Build.0 = Debug|Any CPU
		{D2EFC522-E0AE-4148-AA79-E9B40B888A1C}.Release|Any CPU.ActiveCfg = Release|Any CPU
		{D2EFC522-E0AE-4148-AA79-E9B40B888A1C}.Release|Any CPU.Build.0 = Release|Any CPU
		{D2EFC522-E0AE-4148-AA79-E9B40B888A1C}.Release|x64.ActiveCfg = Release|Any CPU
		{D2EFC522-E0AE-4148-AA79-E9B40B888A1C}.Release|x64.Build.0 = Release|Any CPU
		{D2EFC522-E0AE-4148-AA79-E9B40B888A1C}.Release|x86.ActiveCfg = Release|Any CPU
		{D2EFC522-E0AE-4148-AA79-E9B40B888A1C}.Release|x86.Build.0 = Release|Any CPU
		{9B190D6F-F830-464C-813D-ADBFD865B577}.Debug|Any CPU.ActiveCfg = Debug|Any CPU
		{9B190D6F-F830-464C-813D-ADBFD865B577}.Debug|Any CPU.Build.0 = Debug|Any CPU
		{9B190D6F-F830-464C-813D-ADBFD865B577}.Debug|x64.ActiveCfg = Debug|Any CPU
		{9B190D6F-F830-464C-813D-ADBFD865B577}.Debug|x64.Build.0 = Debug|Any CPU
		{9B190D6F-F830-464C-813D-ADBFD865B577}.Debug|x86.ActiveCfg = Debug|Any CPU
		{9B190D6F-F830-464C-813D-ADBFD865B577}.Debug|x86.Build.0 = Debug|Any CPU
		{9B190D6F-F830-464C-813D-ADBFD865B577}.Release|Any CPU.ActiveCfg = Release|Any CPU
		{9B190D6F-F830-464C-813D-ADBFD865B577}.Release|Any CPU.Build.0 = Release|Any CPU
		{9B190D6F-F830-464C-813D-ADBFD865B577}.Release|x64.ActiveCfg = Release|Any CPU
		{9B190D6F-F830-464C-813D-ADBFD865B577}.Release|x64.Build.0 = Release|Any CPU
		{9B190D6F-F830-464C-813D-ADBFD865B577}.Release|x86.ActiveCfg = Release|Any CPU
		{9B190D6F-F830-464C-813D-ADBFD865B577}.Release|x86.Build.0 = Release|Any CPU
		{765DF134-CFB5-4F78-84EC-DCEDC5FC0F41}.Debug|Any CPU.ActiveCfg = Debug|Any CPU
		{765DF134-CFB5-4F78-84EC-DCEDC5FC0F41}.Debug|Any CPU.Build.0 = Debug|Any CPU
		{765DF134-CFB5-4F78-84EC-DCEDC5FC0F41}.Debug|x64.ActiveCfg = Debug|Any CPU
		{765DF134-CFB5-4F78-84EC-DCEDC5FC0F41}.Debug|x64.Build.0 = Debug|Any CPU
		{765DF134-CFB5-4F78-84EC-DCEDC5FC0F41}.Debug|x86.ActiveCfg = Debug|Any CPU
		{765DF134-CFB5-4F78-84EC-DCEDC5FC0F41}.Debug|x86.Build.0 = Debug|Any CPU
		{765DF134-CFB5-4F78-84EC-DCEDC5FC0F41}.Release|Any CPU.ActiveCfg = Release|Any CPU
		{765DF134-CFB5-4F78-84EC-DCEDC5FC0F41}.Release|Any CPU.Build.0 = Release|Any CPU
		{765DF134-CFB5-4F78-84EC-DCEDC5FC0F41}.Release|x64.ActiveCfg = Release|Any CPU
		{765DF134-CFB5-4F78-84EC-DCEDC5FC0F41}.Release|x64.Build.0 = Release|Any CPU
		{765DF134-CFB5-4F78-84EC-DCEDC5FC0F41}.Release|x86.ActiveCfg = Release|Any CPU
		{765DF134-CFB5-4F78-84EC-DCEDC5FC0F41}.Release|x86.Build.0 = Release|Any CPU
		{65357D65-1968-41EE-9626-6676BC1EDFA0}.Debug|Any CPU.ActiveCfg = Debug|Any CPU
		{65357D65-1968-41EE-9626-6676BC1EDFA0}.Debug|Any CPU.Build.0 = Debug|Any CPU
		{65357D65-1968-41EE-9626-6676BC1EDFA0}.Debug|x64.ActiveCfg = Debug|Any CPU
		{65357D65-1968-41EE-9626-6676BC1EDFA0}.Debug|x64.Build.0 = Debug|Any CPU
		{65357D65-1968-41EE-9626-6676BC1EDFA0}.Debug|x86.ActiveCfg = Debug|Any CPU
		{65357D65-1968-41EE-9626-6676BC1EDFA0}.Debug|x86.Build.0 = Debug|Any CPU
		{65357D65-1968-41EE-9626-6676BC1EDFA0}.Release|Any CPU.ActiveCfg = Release|Any CPU
		{65357D65-1968-41EE-9626-6676BC1EDFA0}.Release|Any CPU.Build.0 = Release|Any CPU
		{65357D65-1968-41EE-9626-6676BC1EDFA0}.Release|x64.ActiveCfg = Release|Any CPU
		{65357D65-1968-41EE-9626-6676BC1EDFA0}.Release|x64.Build.0 = Release|Any CPU
		{65357D65-1968-41EE-9626-6676BC1EDFA0}.Release|x86.ActiveCfg = Release|Any CPU
		{65357D65-1968-41EE-9626-6676BC1EDFA0}.Release|x86.Build.0 = Release|Any CPU
		{220EB417-3794-4532-BF36-9FBB1EDD8FDD}.Debug|Any CPU.ActiveCfg = Debug|Any CPU
		{220EB417-3794-4532-BF36-9FBB1EDD8FDD}.Debug|Any CPU.Build.0 = Debug|Any CPU
		{220EB417-3794-4532-BF36-9FBB1EDD8FDD}.Debug|x64.ActiveCfg = Debug|Any CPU
		{220EB417-3794-4532-BF36-9FBB1EDD8FDD}.Debug|x64.Build.0 = Debug|Any CPU
		{220EB417-3794-4532-BF36-9FBB1EDD8FDD}.Debug|x86.ActiveCfg = Debug|Any CPU
		{220EB417-3794-4532-BF36-9FBB1EDD8FDD}.Debug|x86.Build.0 = Debug|Any CPU
		{220EB417-3794-4532-BF36-9FBB1EDD8FDD}.Release|Any CPU.ActiveCfg = Release|Any CPU
		{220EB417-3794-4532-BF36-9FBB1EDD8FDD}.Release|Any CPU.Build.0 = Release|Any CPU
		{220EB417-3794-4532-BF36-9FBB1EDD8FDD}.Release|x64.ActiveCfg = Release|Any CPU
		{220EB417-3794-4532-BF36-9FBB1EDD8FDD}.Release|x64.Build.0 = Release|Any CPU
		{220EB417-3794-4532-BF36-9FBB1EDD8FDD}.Release|x86.ActiveCfg = Release|Any CPU
		{220EB417-3794-4532-BF36-9FBB1EDD8FDD}.Release|x86.Build.0 = Release|Any CPU
	EndGlobalSection
	GlobalSection(SolutionProperties) = preSolution
		HideSolutionNode = FALSE
	EndGlobalSection
	GlobalSection(NestedProjects) = preSolution
		{981C2CF6-E5BB-602A-511C-234B538302B0} = {827E0CD3-B72D-47B6-A68D-7590B98EB39B}
		{D2EFC522-E0AE-4148-AA79-E9B40B888A1C} = {981C2CF6-E5BB-602A-511C-234B538302B0}
		{C8E42992-5E42-0C2B-DBFE-AA848D06431C} = {827E0CD3-B72D-47B6-A68D-7590B98EB39B}
		{9B190D6F-F830-464C-813D-ADBFD865B577} = {C8E42992-5E42-0C2B-DBFE-AA848D06431C}
		{765DF134-CFB5-4F78-84EC-DCEDC5FC0F41} = {C8E42992-5E42-0C2B-DBFE-AA848D06431C}
		{5DC72D1E-4B83-C588-4695-096B742137DE} = {827E0CD3-B72D-47B6-A68D-7590B98EB39B}
		{C9ED488C-AC63-31F8-C067-1E893852ECB8} = {5DC72D1E-4B83-C588-4695-096B742137DE}
		{65357D65-1968-41EE-9626-6676BC1EDFA0} = {C9ED488C-AC63-31F8-C067-1E893852ECB8}
		{5441A582-A4C1-7BD0-8A01-21DE0CFC646D} = {5DC72D1E-4B83-C588-4695-096B742137DE}
		{220EB417-3794-4532-BF36-9FBB1EDD8FDD} = {5441A582-A4C1-7BD0-8A01-21DE0CFC646D}
	EndGlobalSection
EndGlobal
